
Microsoft Visual Studio Solution File, Format Version 12.00
# Visual Studio Version 17
VisualStudioVersion = 17.0.31912.275
MinimumVisualStudioVersion = 10.0.40219.1
Project("{FAE04EC0-301F-11D3-BF4B-00C04F79EFBC}") = "StudentManagement", "StudentManagement\StudentManagement.csproj", "{79513DF0-8CEB-486F-AF5B-A542330F7705}"
EndProject
Global
	GlobalSection(SolutionConfigurationPlatforms) = preSolution
		Debug|Any CPU = Debug|Any CPU
		Release|Any CPU = Release|Any CPU
	EndGlobalSection
	GlobalSection(ProjectConfigurationPlatforms) = postSolution
		{79513DF0-8CEB-486F-AF5B-A542330F7705}.Debug|Any CPU.ActiveCfg = Debug|Any CPU
		{79513DF0-8CEB-486F-AF5B-A542330F7705}.Debug|Any CPU.Build.0 = Debug|Any CPU
		{79513DF0-8CEB-486F-AF5B-A542330F7705}.Release|Any CPU.ActiveCfg = Release|Any CPU
		{79513DF0-8CEB-486F-AF5B-A542330F7705}.Release|Any CPU.Build.0 = Release|Any CPU
	EndGlobalSection
	GlobalSection(SolutionProperties) = preSolution
		HideSolutionNode = FALSE
	EndGlobalSection
	GlobalSection(ExtensibilityGlobals) = postSolution
		SolutionGuid = {DD6CB849-332A-4EC0-B669-27BC5A9D2E73}
	EndGlobalSection
EndGlobal
